// !$*UTF8*$!
{
	archiveVersion = 1;
	classes = {
	};
	objectVersion = 56;
	objects = {

/* Begin PBXBuildFile section */
		031B8F3D292616F200441482 /* AppDelegate.swift in Sources */ = {isa = PBXBuildFile; fileRef = 031B8F3C292616F200441482 /* AppDelegate.swift */; };
		031B8F3F292616F200441482 /* SceneDelegate.swift in Sources */ = {isa = PBXBuildFile; fileRef = 031B8F3E292616F200441482 /* SceneDelegate.swift */; };
		031B8F41292616F200441482 /* ViewController.swift in Sources */ = {isa = PBXBuildFile; fileRef = 031B8F40292616F200441482 /* ViewController.swift */; };
		031B8F44292616F200441482 /* Main.storyboard in Resources */ = {isa = PBXBuildFile; fileRef = 031B8F42292616F200441482 /* Main.storyboard */; };
		031B8F46292616F600441482 /* Assets.xcassets in Resources */ = {isa = PBXBuildFile; fileRef = 031B8F45292616F600441482 /* Assets.xcassets */; };
		031B8F49292616F600441482 /* LaunchScreen.storyboard in Resources */ = {isa = PBXBuildFile; fileRef = 031B8F47292616F600441482 /* LaunchScreen.storyboard */; };
		031B8F54292616F700441482 /* QuizDataTests.swift in Sources */ = {isa = PBXBuildFile; fileRef = 031B8F53292616F700441482 /* QuizDataTests.swift */; };
		031B8F5E292616F700441482 /* QuizDataUITests.swift in Sources */ = {isa = PBXBuildFile; fileRef = 031B8F5D292616F700441482 /* QuizDataUITests.swift */; };
		031B8F60292616F700441482 /* QuizDataUITestsLaunchTests.swift in Sources */ = {isa = PBXBuildFile; fileRef = 031B8F5F292616F700441482 /* QuizDataUITestsLaunchTests.swift */; };
/* End PBXBuildFile section */

/* Begin PBXContainerItemProxy section */
		031B8F50292616F700441482 /* PBXContainerItemProxy */ = {
			isa = PBXContainerItemProxy;
			containerPortal = 031B8F31292616F200441482 /* Project object */;
			proxyType = 1;
			remoteGlobalIDString = 031B8F38292616F200441482;
			remoteInfo = Exam;
		};
		031B8F5A292616F700441482 /* PBXContainerItemProxy */ = {
			isa = PBXContainerItemProxy;
			containerPortal = 031B8F31292616F200441482 /* Project object */;
			proxyType = 1;
			remoteGlobalIDString = 031B8F38292616F200441482;
			remoteInfo = Exam;
		};
/* End PBXContainerItemProxy section */

/* Begin PBXFileReference section */
		031B8F39292616F200441482 /* QuizData.app */ = {isa = PBXFileReference; explicitFileType = wrapper.application; includeInIndex = 0; path = QuizData.app; sourceTree = BUILT_PRODUCTS_DIR; };
		031B8F3C292616F200441482 /* AppDelegate.swift */ = {isa = PBXFileReference; lastKnownFileType = sourcecode.swift; path = AppDelegate.swift; sourceTree = "<group>"; };
		031B8F3E292616F200441482 /* SceneDelegate.swift */ = {isa = PBXFileReference; lastKnownFileType = sourcecode.swift; path = SceneDelegate.swift; sourceTree = "<group>"; };
		031B8F40292616F200441482 /* ViewController.swift */ = {isa = PBXFileReference; lastKnownFileType = sourcecode.swift; path = ViewController.swift; sourceTree = "<group>"; };
		031B8F43292616F200441482 /* Base */ = {isa = PBXFileReference; lastKnownFileType = file.storyboard; name = Base; path = Base.lproj/Main.storyboard; sourceTree = "<group>"; };
		031B8F45292616F600441482 /* Assets.xcassets */ = {isa = PBXFileReference; lastKnownFileType = folder.assetcatalog; path = Assets.xcassets; sourceTree = "<group>"; };
		031B8F48292616F600441482 /* Base */ = {isa = PBXFileReference; lastKnownFileType = file.storyboard; name = Base; path = Base.lproj/LaunchScreen.storyboard; sourceTree = "<group>"; };
		031B8F4A292616F600441482 /* Info.plist */ = {isa = PBXFileReference; lastKnownFileType = text.plist.xml; path = Info.plist; sourceTree = "<group>"; };
		031B8F4F292616F700441482 /* QuizDataTests.xctest */ = {isa = PBXFileReference; explicitFileType = wrapper.cfbundle; includeInIndex = 0; path = QuizDataTests.xctest; sourceTree = BUILT_PRODUCTS_DIR; };
		031B8F53292616F700441482 /* QuizDataTests.swift */ = {isa = PBXFileReference; lastKnownFileType = sourcecode.swift; path = QuizDataTests.swift; sourceTree = "<group>"; };
		031B8F59292616F700441482 /* QuizDataUITests.xctest */ = {isa = PBXFileReference; explicitFileType = wrapper.cfbundle; includeInIndex = 0; path = QuizDataUITests.xctest; sourceTree = BUILT_PRODUCTS_DIR; };
		031B8F5D292616F700441482 /* QuizDataUITests.swift */ = {isa = PBXFileReference; lastKnownFileType = sourcecode.swift; path = QuizDataUITests.swift; sourceTree = "<group>"; };
		031B8F5F292616F700441482 /* QuizDataUITestsLaunchTests.swift */ = {isa = PBXFileReference; lastKnownFileType = sourcecode.swift; path = QuizDataUITestsLaunchTests.swift; sourceTree = "<group>"; };
/* End PBXFileReference section */

/* Begin PBXFrameworksBuildPhase section */
		031B8F36292616F200441482 /* Frameworks */ = {
			isa = PBXFrameworksBuildPhase;
			buildActionMask = 2147483647;
			files = (
			);
			runOnlyForDeploymentPostprocessing = 0;
		};
		031B8F4C292616F700441482 /* Frameworks */ = {
			isa = PBXFrameworksBuildPhase;
			buildActionMask = 2147483647;
			files = (
			);
			runOnlyForDeploymentPostprocessing = 0;
		};
		031B8F56292616F700441482 /* Frameworks */ = {
			isa = PBXFrameworksBuildPhase;
			buildActionMask = 2147483647;
			files = (
			);
			runOnlyForDeploymentPostprocessing = 0;
		};
/* End PBXFrameworksBuildPhase section */

/* Begin PBXGroup section */
		031B8F30292616F200441482 = {
			isa = PBXGroup;
			children = (
				031B8F3B292616F200441482 /* QuizData */,
				031B8F52292616F700441482 /* QuizDataTests */,
				031B8F5C292616F700441482 /* QuizDataUITests */,
				031B8F3A292616F200441482 /* Products */,
			);
			sourceTree = "<group>";
		};
		031B8F3A292616F200441482 /* Products */ = {
			isa = PBXGroup;
			children = (
				031B8F39292616F200441482 /* QuizData.app */,
				031B8F4F292616F700441482 /* QuizDataTests.xctest */,
				031B8F59292616F700441482 /* QuizDataUITests.xctest */,
			);
			name = Products;
			sourceTree = "<group>";
		};
		031B8F3B292616F200441482 /* QuizData */ = {
			isa = PBXGroup;
			children = (
				031B8F3C292616F200441482 /* AppDelegate.swift */,
				031B8F3E292616F200441482 /* SceneDelegate.swift */,
				031B8F40292616F200441482 /* ViewController.swift */,
				031B8F42292616F200441482 /* Main.storyboard */,
				031B8F45292616F600441482 /* Assets.xcassets */,
				031B8F47292616F600441482 /* LaunchScreen.storyboard */,
				031B8F4A292616F600441482 /* Info.plist */,
			);
			path = QuizData;
			sourceTree = "<group>";
		};
		031B8F52292616F700441482 /* QuizDataTests */ = {
			isa = PBXGroup;
			children = (
				031B8F53292616F700441482 /* QuizDataTests.swift */,
			);
			path = QuizDataTests;
			sourceTree = "<group>";
		};
		031B8F5C292616F700441482 /* QuizDataUITests */ = {
			isa = PBXGroup;
			children = (
				031B8F5D292616F700441482 /* QuizDataUITests.swift */,
				031B8F5F292616F700441482 /* QuizDataUITestsLaunchTests.swift */,
			);
			path = QuizDataUITests;
			sourceTree = "<group>";
		};
/* End PBXGroup section */

/* Begin PBXNativeTarget section */
		031B8F38292616F200441482 /* QuizData */ = {
			isa = PBXNativeTarget;
			buildConfigurationList = 031B8F63292616F700441482 /* Build configuration list for PBXNativeTarget "QuizData" */;
			buildPhases = (
				031B8F35292616F200441482 /* Sources */,
				031B8F36292616F200441482 /* Frameworks */,
				031B8F37292616F200441482 /* Resources */,
			);
			buildRules = (
			);
			dependencies = (
			);
			name = QuizData;
			productName = Exam;
			productReference = 031B8F39292616F200441482 /* QuizData.app */;
			productType = "com.apple.product-type.application";
		};
		031B8F4E292616F700441482 /* QuizDataTests */ = {
			isa = PBXNativeTarget;
			buildConfigurationList = 031B8F66292616F700441482 /* Build configuration list for PBXNativeTarget "QuizDataTests" */;
			buildPhases = (
				031B8F4B292616F700441482 /* Sources */,
				031B8F4C292616F700441482 /* Frameworks */,
				031B8F4D292616F700441482 /* Resources */,
			);
			buildRules = (
			);
			dependencies = (
				031B8F51292616F700441482 /* PBXTargetDependency */,
			);
			name = QuizDataTests;
			productName = ExamTests;
			productReference = 031B8F4F292616F700441482 /* QuizDataTests.xctest */;
			productType = "com.apple.product-type.bundle.unit-test";
		};
		031B8F58292616F700441482 /* QuizDataUITests */ = {
			isa = PBXNativeTarget;
			buildConfigurationList = 031B8F69292616F700441482 /* Build configuration list for PBXNativeTarget "QuizDataUITests" */;
			buildPhases = (
				031B8F55292616F700441482 /* Sources */,
				031B8F56292616F700441482 /* Frameworks */,
				031B8F57292616F700441482 /* Resources */,
			);
			buildRules = (
			);
			dependencies = (
				031B8F5B292616F700441482 /* PBXTargetDependency */,
			);
			name = QuizDataUITests;
			productName = ExamUITests;
			productReference = 031B8F59292616F700441482 /* QuizDataUITests.xctest */;
			productType = "com.apple.product-type.bundle.ui-testing";
		};
/* End PBXNativeTarget section */

/* Begin PBXProject section */
		031B8F31292616F200441482 /* Project object */ = {
			isa = PBXProject;
			attributes = {
				BuildIndependentTargetsInParallel = 1;
				LastSwiftUpdateCheck = 1400;
				LastUpgradeCheck = 1400;
				TargetAttributes = {
					031B8F38292616F200441482 = {
						CreatedOnToolsVersion = 14.0.1;
					};
					031B8F4E292616F700441482 = {
						CreatedOnToolsVersion = 14.0.1;
						TestTargetID = 031B8F38292616F200441482;
					};
					031B8F58292616F700441482 = {
						CreatedOnToolsVersion = 14.0.1;
						TestTargetID = 031B8F38292616F200441482;
					};
				};
			};
			buildConfigurationList = 031B8F34292616F200441482 /* Build configuration list for PBXProject "QuizData" */;
			compatibilityVersion = "Xcode 14.0";
			developmentRegion = en;
			hasScannedForEncodings = 0;
			knownRegions = (
				en,
				Base,
			);
			mainGroup = 031B8F30292616F200441482;
			productRefGroup = 031B8F3A292616F200441482 /* Products */;
			projectDirPath = "";
			projectRoot = "";
			targets = (
				031B8F38292616F200441482 /* QuizData */,
				031B8F4E292616F700441482 /* QuizDataTests */,
				031B8F58292616F700441482 /* QuizDataUITests */,
			);
		};
/* End PBXProject section */

/* Begin PBXResourcesBuildPhase section */
		031B8F37292616F200441482 /* Resources */ = {
			isa = PBXResourcesBuildPhase;
			buildActionMask = 2147483647;
			files = (
				031B8F49292616F600441482 /* LaunchScreen.storyboard in Resources */,
				031B8F46292616F600441482 /* Assets.xcassets in Resources */,
				031B8F44292616F200441482 /* Main.storyboard in Resources */,
			);
			runOnlyForDeploymentPostprocessing = 0;
		};
		031B8F4D292616F700441482 /* Resources */ = {
			isa = PBXResourcesBuildPhase;
			buildActionMask = 2147483647;
			files = (
			);
			runOnlyForDeploymentPostprocessing = 0;
		};
		031B8F57292616F700441482 /* Resources */ = {
			isa = PBXResourcesBuildPhase;
			buildActionMask = 2147483647;
			files = (
			);
			runOnlyForDeploymentPostprocessing = 0;
		};
/* End PBXResourcesBuildPhase section */

/* Begin PBXSourcesBuildPhase section */
		031B8F35292616F200441482 /* Sources */ = {
			isa = PBXSourcesBuildPhase;
			buildActionMask = 2147483647;
			files = (
				031B8F41292616F200441482 /* ViewController.swift in Sources */,
				031B8F3D292616F200441482 /* AppDelegate.swift in Sources */,
				031B8F3F292616F200441482 /* SceneDelegate.swift in Sources */,
			);
			runOnlyForDeploymentPostprocessing = 0;
		};
		031B8F4B292616F700441482 /* Sources */ = {
			isa = PBXSourcesBuildPhase;
			buildActionMask = 2147483647;
			files = (
				031B8F54292616F700441482 /* QuizDataTests.swift in Sources */,
			);
			runOnlyForDeploymentPostprocessing = 0;
		};
		031B8F55292616F700441482 /* Sources */ = {
			isa = PBXSourcesBuildPhase;
			buildActionMask = 2147483647;
			files = (
				031B8F5E292616F700441482 /* QuizDataUITests.swift in Sources */,
				031B8F60292616F700441482 /* QuizDataUITestsLaunchTests.swift in Sources */,
			);
			runOnlyForDeploymentPostprocessing = 0;
		};
/* End PBXSourcesBuildPhase section */

/* Begin PBXTargetDependency section */
		031B8F51292616F700441482 /* PBXTargetDependency */ = {
			isa = PBXTargetDependency;
			target = 031B8F38292616F200441482 /* QuizData */;
			targetProxy = 031B8F50292616F700441482 /* PBXContainerItemProxy */;
		};
		031B8F5B292616F700441482 /* PBXTargetDependency */ = {
			isa = PBXTargetDependency;
			target = 031B8F38292616F200441482 /* QuizData */;
			targetProxy = 031B8F5A292616F700441482 /* PBXContainerItemProxy */;
		};
/* End PBXTargetDependency section */

/* Begin PBXVariantGroup section */
		031B8F42292616F200441482 /* Main.storyboard */ = {
			isa = PBXVariantGroup;
			children = (
				031B8F43292616F200441482 /* Base */,
			);
			name = Main.storyboard;
			sourceTree = "<group>";
		};
		031B8F47292616F600441482 /* LaunchScreen.storyboard */ = {
			isa = PBXVariantGroup;
			children = (
				031B8F48292616F600441482 /* Base */,
			);
			name = LaunchScreen.storyboard;
			sourceTree = "<group>";
		};
/* End PBXVariantGroup section */

/* Begin XCBuildConfiguration section */
		031B8F61292616F700441482 /* Debug */ = {
			isa = XCBuildConfiguration;
			buildSettings = {
				ALWAYS_SEARCH_USER_PATHS = NO;
				CLANG_ANALYZER_NONNULL = YES;
				CLANG_ANALYZER_NUMBER_OBJECT_CONVERSION = YES_AGGRESSIVE;
				CLANG_CXX_LANGUAGE_STANDARD = "gnu++20";
				CLANG_ENABLE_MODULES = YES;
				CLANG_ENABLE_OBJC_ARC = YES;
				CLANG_ENABLE_OBJC_WEAK = YES;
				CLANG_WARN_BLOCK_CAPTURE_AUTORELEASING = YES;
				CLANG_WARN_BOOL_CONVERSION = YES;
				CLANG_WARN_COMMA = YES;
				CLANG_WARN_CONSTANT_CONVERSION = YES;
				CLANG_WARN_DEPRECATED_OBJC_IMPLEMENTATIONS = YES;
				CLANG_WARN_DIRECT_OBJC_ISA_USAGE = YES_ERROR;
				CLANG_WARN_DOCUMENTATION_COMMENTS = YES;
				CLANG_WARN_EMPTY_BODY = YES;
				CLANG_WARN_ENUM_CONVERSION = YES;
				CLANG_WARN_INFINITE_RECURSION = YES;
				CLANG_WARN_INT_CONVERSION = YES;
				CLANG_WARN_NON_LITERAL_NULL_CONVERSION = YES;
				CLANG_WARN_OBJC_IMPLICIT_RETAIN_SELF = YES;
				CLANG_WARN_OBJC_LITERAL_CONVERSION = YES;
				CLANG_WARN_OBJC_ROOT_CLASS = YES_ERROR;
				CLANG_WARN_QUOTED_INCLUDE_IN_FRAMEWORK_HEADER = YES;
				CLANG_WARN_RANGE_LOOP_ANALYSIS = YES;
				CLANG_WARN_STRICT_PROTOTYPES = YES;
				CLANG_WARN_SUSPICIOUS_MOVE = YES;
				CLANG_WARN_UNGUARDED_AVAILABILITY = YES_AGGRESSIVE;
				CLANG_WARN_UNREACHABLE_CODE = YES;
				CLANG_WARN__DUPLICATE_METHOD_MATCH = YES;
				COPY_PHASE_STRIP = NO;
				DEBUG_INFORMATION_FORMAT = dwarf;
				ENABLE_STRICT_OBJC_MSGSEND = YES;
				ENABLE_TESTABILITY = YES;
				GCC_C_LANGUAGE_STANDARD = gnu11;
				GCC_DYNAMIC_NO_PIC = NO;
				GCC_NO_COMMON_BLOCKS = YES;
				GCC_OPTIMIZATION_LEVEL = 0;
				GCC_PREPROCESSOR_DEFINITIONS = (
					"DEBUG=1",
					"$(inherited)",
				);
				GCC_WARN_64_TO_32_BIT_CONVERSION = YES;
				GCC_WARN_ABOUT_RETURN_TYPE = YES_ERROR;
				GCC_WARN_UNDECLARED_SELECTOR = YES;
				GCC_WARN_UNINITIALIZED_AUTOS = YES_AGGRESSIVE;
				GCC_WARN_UNUSED_FUNCTION = YES;
				GCC_WARN_UNUSED_VARIABLE = YES;
				IPHONEOS_DEPLOYMENT_TARGET = 16.0;
				MTL_ENABLE_DEBUG_INFO = INCLUDE_SOURCE;
				MTL_FAST_MATH = YES;
				ONLY_ACTIVE_ARCH = YES;
				SDKROOT = iphoneos;
				SWIFT_ACTIVE_COMPILATION_CONDITIONS = DEBUG;
				SWIFT_OPTIMIZATION_LEVEL = "-Onone";
			};
			name = Debug;
		};
		031B8F62292616F700441482 /* Release */ = {
			isa = XCBuildConfiguration;
			buildSettings = {
				ALWAYS_SEARCH_USER_PATHS = NO;
				CLANG_ANALYZER_NONNULL = YES;
				CLANG_ANALYZER_NUMBER_OBJECT_CONVERSION = YES_AGGRESSIVE;
				CLANG_CXX_LANGUAGE_STANDARD = "gnu++20";
				CLANG_ENABLE_MODULES = YES;
				CLANG_ENABLE_OBJC_ARC = YES;
				CLANG_ENABLE_OBJC_WEAK = YES;
				CLANG_WARN_BLOCK_CAPTURE_AUTORELEASING = YES;
				CLANG_WARN_BOOL_CONVERSION = YES;
				CLANG_WARN_COMMA = YES;
				CLANG_WARN_CONSTANT_CONVERSION = YES;
				CLANG_WARN_DEPRECATED_OBJC_IMPLEMENTATIONS = YES;
				CLANG_WARN_DIRECT_OBJC_ISA_USAGE = YES_ERROR;
				CLANG_WARN_DOCUMENTATION_COMMENTS = YES;
				CLANG_WARN_EMPTY_BODY = YES;
				CLANG_WARN_ENUM_CONVERSION = YES;
				CLANG_WARN_INFINITE_RECURSION = YES;
				CLANG_WARN_INT_CONVERSION = YES;
				CLANG_WARN_NON_LITERAL_NULL_CONVERSION = YES;
				CLANG_WARN_OBJC_IMPLICIT_RETAIN_SELF = YES;
				CLANG_WARN_OBJC_LITERAL_CONVERSION = YES;
				CLANG_WARN_OBJC_ROOT_CLASS = YES_ERROR;
				CLANG_WARN_QUOTED_INCLUDE_IN_FRAMEWORK_HEADER = YES;
				CLANG_WARN_RANGE_LOOP_ANALYSIS = YES;
				CLANG_WARN_STRICT_PROTOTYPES = YES;
				CLANG_WARN_SUSPICIOUS_MOVE = YES;
				CLANG_WARN_UNGUARDED_AVAILABILITY = YES_AGGRESSIVE;
				CLANG_WARN_UNREACHABLE_CODE = YES;
				CLANG_WARN__DUPLICATE_METHOD_MATCH = YES;
				COPY_PHASE_STRIP = NO;
				DEBUG_INFORMATION_FORMAT = "dwarf-with-dsym";
				ENABLE_NS_ASSERTIONS = NO;
				ENABLE_STRICT_OBJC_MSGSEND = YES;
				GCC_C_LANGUAGE_STANDARD = gnu11;
				GCC_NO_COMMON_BLOCKS = YES;
				GCC_WARN_64_TO_32_BIT_CONVERSION = YES;
				GCC_WARN_ABOUT_RETURN_TYPE = YES_ERROR;
				GCC_WARN_UNDECLARED_SELECTOR = YES;
				GCC_WARN_UNINITIALIZED_AUTOS = YES_AGGRESSIVE;
				GCC_WARN_UNUSED_FUNCTION = YES;
				GCC_WARN_UNUSED_VARIABLE = YES;
				IPHONEOS_DEPLOYMENT_TARGET = 16.0;
				MTL_ENABLE_DEBUG_INFO = NO;
				MTL_FAST_MATH = YES;
				SDKROOT = iphoneos;
				SWIFT_COMPILATION_MODE = wholemodule;
				SWIFT_OPTIMIZATION_LEVEL = "-O";
				VALIDATE_PRODUCT = YES;
			};
			name = Release;
		};
		031B8F64292616F700441482 /* Debug */ = {
			isa = XCBuildConfiguration;
			buildSettings = {
				ASSETCATALOG_COMPILER_APPICON_NAME = AppIcon;
				ASSETCATALOG_COMPILER_GLOBAL_ACCENT_COLOR_NAME = AccentColor;
				CODE_SIGN_STYLE = Automatic;
				CURRENT_PROJECT_VERSION = 1;
				GENERATE_INFOPLIST_FILE = YES;
				INFOPLIST_FILE = QuizData/Info.plist;
				INFOPLIST_KEY_UIApplicationSupportsIndirectInputEvents = YES;
				INFOPLIST_KEY_UILaunchStoryboardName = LaunchScreen;
				INFOPLIST_KEY_UIMainStoryboardFile = Main;
				INFOPLIST_KEY_UISupportedInterfaceOrientations_iPad = "UIInterfaceOrientationPortrait UIInterfaceOrientationPortraitUpsideDown UIInterfaceOrientationLandscapeLeft UIInterfaceOrientationLandscapeRight";
				INFOPLIST_KEY_UISupportedInterfaceOrientations_iPhone = "UIInterfaceOrientationPortrait UIInterfaceOrientationLandscapeLeft UIInterfaceOrientationLandscapeRight";
				LD_RUNPATH_SEARCH_PATHS = (
					"$(inherited)",
					"@executable_path/Frameworks",
				);
				MARKETING_VERSION = 1.0;
				PRODUCT_BUNDLE_IDENTIFIER = try.QuizData;
				PRODUCT_NAME = "$(TARGET_NAME)";
				SWIFT_EMIT_LOC_STRINGS = YES;
				SWIFT_VERSION = 5.0;
				TARGETED_DEVICE_FAMILY = "1,2";
			};
			name = Debug;
		};
		031B8F65292616F700441482 /* Release */ = {
			isa = XCBuildConfiguration;
			buildSettings = {
				ASSETCATALOG_COMPILER_APPICON_NAME = AppIcon;
				ASSETCATALOG_COMPILER_GLOBAL_ACCENT_COLOR_NAME = AccentColor;
				CODE_SIGN_STYLE = Automatic;
				CURRENT_PROJECT_VERSION = 1;
				GENERATE_INFOPLIST_FILE = YES;
				INFOPLIST_FILE = QuizData/Info.plist;
				INFOPLIST_KEY_UIApplicationSupportsIndirectInputEvents = YES;
				INFOPLIST_KEY_UILaunchStoryboardName = LaunchScreen;
				INFOPLIST_KEY_UIMainStoryboardFile = Main;
				INFOPLIST_KEY_UISupportedInterfaceOrientations_iPad = "UIInterfaceOrientationPortrait UIInterfaceOrientationPortraitUpsideDown UIInterfaceOrientationLandscapeLeft UIInterfaceOrientationLandscapeRight";
				INFOPLIST_KEY_UISupportedInterfaceOrientations_iPhone = "UIInterfaceOrientationPortrait UIInterfaceOrientationLandscapeLeft UIInterfaceOrientationLandscapeRight";
				LD_RUNPATH_SEARCH_PATHS = (
					"$(inherited)",
					"@executable_path/Frameworks",
				);
				MARKETING_VERSION = 1.0;
				PRODUCT_BUNDLE_IDENTIFIER = try.QuizData;
				PRODUCT_NAME = "$(TARGET_NAME)";
				SWIFT_EMIT_LOC_STRINGS = YES;
				SWIFT_VERSION = 5.0;
				TARGETED_DEVICE_FAMILY = "1,2";
			};
			name = Release;
		};
		031B8F67292616F700441482 /* Debug */ = {
			isa = XCBuildConfiguration;
			buildSettings = {
				ALWAYS_EMBED_SWIFT_STANDARD_LIBRARIES = YES;
				BUNDLE_LOADER = "$(TEST_HOST)";
				CODE_SIGN_STYLE = Automatic;
				CURRENT_PROJECT_VERSION = 1;
				GENERATE_INFOPLIST_FILE = YES;
				IPHONEOS_DEPLOYMENT_TARGET = 16.0;
				MARKETING_VERSION = 1.0;
				PRODUCT_BUNDLE_IDENTIFIER = try.ExamTests;
				PRODUCT_NAME = "$(TARGET_NAME)";
				SWIFT_EMIT_LOC_STRINGS = NO;
				SWIFT_VERSION = 5.0;
				TARGETED_DEVICE_FAMILY = "1,2";
				TEST_HOST = "$(BUILT_PRODUCTS_DIR)/QuizData.app/$(BUNDLE_EXECUTABLE_FOLDER_PATH)/QuizData";
			};
			name = Debug;
		};
		031B8F68292616F700441482 /* Release */ = {
			isa = XCBuildConfiguration;
			buildSettings = {
				ALWAYS_EMBED_SWIFT_STANDARD_LIBRARIES = YES;
				BUNDLE_LOADER = "$(TEST_HOST)";
				CODE_SIGN_STYLE = Automatic;
				CURRENT_PROJECT_VERSION = 1;
				GENERATE_INFOPLIST_FILE = YES;
				IPHONEOS_DEPLOYMENT_TARGET = 16.0;
				MARKETING_VERSION = 1.0;
				PRODUCT_BUNDLE_IDENTIFIER = try.ExamTests;
				PRODUCT_NAME = "$(TARGET_NAME)";
				SWIFT_EMIT_LOC_STRINGS = NO;
				SWIFT_VERSION = 5.0;
				TARGETED_DEVICE_FAMILY = "1,2";
				TEST_HOST = "$(BUILT_PRODUCTS_DIR)/QuizData.app/$(BUNDLE_EXECUTABLE_FOLDER_PATH)/QuizData";
			};
			name = Release;
		};
		031B8F6A292616F700441482 /* Debug */ = {
			isa = XCBuildConfiguration;
			buildSettings = {
				ALWAYS_EMBED_SWIFT_STANDARD_LIBRARIES = YES;
				CODE_SIGN_STYLE = Automatic;
				CURRENT_PROJECT_VERSION = 1;
				GENERATE_INFOPLIST_FILE = YES;
				MARKETING_VERSION = 1.0;
				PRODUCT_BUNDLE_IDENTIFIER = try.ExamUITests;
				PRODUCT_NAME = "$(TARGET_NAME)";
				SWIFT_EMIT_LOC_STRINGS = NO;
				SWIFT_VERSION = 5.0;
				TARGETED_DEVICE_FAMILY = "1,2";
				TEST_TARGET_NAME = Exam;
			};
			name = Debug;
		};
		031B8F6B292616F700441482 /* Release */ = {
			isa = XCBuildConfiguration;
			buildSettings = {
				ALWAYS_EMBED_SWIFT_STANDARD_LIBRARIES = YES;
				CODE_SIGN_STYLE = Automatic;
				CURRENT_PROJECT_VERSION = 1;
				GENERATE_INFOPLIST_FILE = YES;
				MARKETING_VERSION = 1.0;
				PRODUCT_BUNDLE_IDENTIFIER = try.ExamUITests;
				PRODUCT_NAME = "$(TARGET_NAME)";
				SWIFT_EMIT_LOC_STRINGS = NO;
				SWIFT_VERSION = 5.0;
				TARGETED_DEVICE_FAMILY = "1,2";
				TEST_TARGET_NAME = Exam;
			};
			name = Release;
		};
/* End XCBuildConfiguration section */

/* Begin XCConfigurationList section */
		031B8F34292616F200441482 /* Build configuration list for PBXProject "QuizData" */ = {
			isa = XCConfigurationList;
			buildConfigurations = (
				031B8F61292616F700441482 /* Debug */,
				031B8F62292616F700441482 /* Release */,
			);
			defaultConfigurationIsVisible = 0;
			defaultConfigurationName = Release;
		};
		031B8F63292616F700441482 /* Build configuration list for PBXNativeTarget "QuizData" */ = {
			isa = XCConfigurationList;
			buildConfigurations = (
				031B8F64292616F700441482 /* Debug */,
				031B8F65292616F700441482 /* Release */,
			);
			defaultConfigurationIsVisible = 0;
			defaultConfigurationName = Release;
		};
		031B8F66292616F700441482 /* Build configuration list for PBXNativeTarget "QuizDataTests" */ = {
			isa = XCConfigurationList;
			buildConfigurations = (
				031B8F67292616F700441482 /* Debug */,
				031B8F68292616F700441482 /* Release */,
			);
			defaultConfigurationIsVisible = 0;
			defaultConfigurationName = Release;
		};
		031B8F69292616F700441482 /* Build configuration list for PBXNativeTarget "QuizDataUITests" */ = {
			isa = XCConfigurationList;
			buildConfigurations = (
				031B8F6A292616F700441482 /* Debug */,
				031B8F6B292616F700441482 /* Release */,
			);
			defaultConfigurationIsVisible = 0;
			defaultConfigurationName = Release;
		};
/* End XCConfigurationList section */
	};
	rootObject = 031B8F31292616F200441482 /* Project object */;
}
